// !$*UTF8*$!
{
	archiveVersion = 1;
	classes = {
	};
	objectVersion = 56;
	objects = {

/* Begin PBXBuildFile section */
		701D26312C8EA38B00BB6E37 /* PAD_GithubApp.swift in Sources */ = {isa = PBXBuildFile; fileRef = 701D26302C8EA38B00BB6E37 /* PAD_GithubApp.swift */; };
		701D26352C8EA38C00BB6E37 /* Assets.xcassets in Resources */ = {isa = PBXBuildFile; fileRef = 701D26342C8EA38C00BB6E37 /* Assets.xcassets */; };
		701D26382C8EA38C00BB6E37 /* Preview Assets.xcassets in Resources */ = {isa = PBXBuildFile; fileRef = 701D26372C8EA38C00BB6E37 /* Preview Assets.xcassets */; };
		701D264C2C8EA38C00BB6E37 /* PAD_GithubUITests.swift in Sources */ = {isa = PBXBuildFile; fileRef = 701D264B2C8EA38C00BB6E37 /* PAD_GithubUITests.swift */; };
		701D264E2C8EA38C00BB6E37 /* PAD_GithubUITestsLaunchTests.swift in Sources */ = {isa = PBXBuildFile; fileRef = 701D264D2C8EA38C00BB6E37 /* PAD_GithubUITestsLaunchTests.swift */; };
		701D26602C8EA45200BB6E37 /* SwiftUI+LoadingView.swift in Sources */ = {isa = PBXBuildFile; fileRef = 701D265F2C8EA45200BB6E37 /* SwiftUI+LoadingView.swift */; };
		701D266D2C8EA55800BB6E37 /* GithubUserListScreenViewModel.swift in Sources */ = {isa = PBXBuildFile; fileRef = 701D26662C8EA55800BB6E37 /* GithubUserListScreenViewModel.swift */; };
		701D266E2C8EA55800BB6E37 /* GithubUserListScreenViewModel.swift in Sources */ = {isa = PBXBuildFile; fileRef = 701D26662C8EA55800BB6E37 /* GithubUserListScreenViewModel.swift */; };
		701D266F2C8EA55800BB6E37 /* GithubUserListScreenModel.swift in Sources */ = {isa = PBXBuildFile; fileRef = 701D26682C8EA55800BB6E37 /* GithubUserListScreenModel.swift */; };
		701D26702C8EA55800BB6E37 /* GithubUserListScreenModel.swift in Sources */ = {isa = PBXBuildFile; fileRef = 701D26682C8EA55800BB6E37 /* GithubUserListScreenModel.swift */; };
		701D26712C8EA55800BB6E37 /* GithubUserListScreenView.swift in Sources */ = {isa = PBXBuildFile; fileRef = 701D266A2C8EA55800BB6E37 /* GithubUserListScreenView.swift */; };
		701D26732C8EA55800BB6E37 /* GithubUserListScreenBuilder.swift in Sources */ = {isa = PBXBuildFile; fileRef = 701D266C2C8EA55800BB6E37 /* GithubUserListScreenBuilder.swift */; };
		701D26762C8EA59C00BB6E37 /* MVVMBaseProtocol.swift in Sources */ = {isa = PBXBuildFile; fileRef = 701D26752C8EA59C00BB6E37 /* MVVMBaseProtocol.swift */; };
		701D26772C8EA59C00BB6E37 /* MVVMBaseProtocol.swift in Sources */ = {isa = PBXBuildFile; fileRef = 701D26752C8EA59C00BB6E37 /* MVVMBaseProtocol.swift */; };
		701D267A2C8EA9D200BB6E37 /* GithubAPI.swift in Sources */ = {isa = PBXBuildFile; fileRef = 701D26792C8EA9D200BB6E37 /* GithubAPI.swift */; };
		701D267B2C8EA9D200BB6E37 /* GithubAPI.swift in Sources */ = {isa = PBXBuildFile; fileRef = 701D26792C8EA9D200BB6E37 /* GithubAPI.swift */; };
		701D267D2C8EABE900BB6E37 /* URLRequest+ext.swift in Sources */ = {isa = PBXBuildFile; fileRef = 701D267C2C8EABE900BB6E37 /* URLRequest+ext.swift */; };
		701D267E2C8EABE900BB6E37 /* URLRequest+ext.swift in Sources */ = {isa = PBXBuildFile; fileRef = 701D267C2C8EABE900BB6E37 /* URLRequest+ext.swift */; };
		701D26842C8EEA3300BB6E37 /* UserEntity.swift in Sources */ = {isa = PBXBuildFile; fileRef = 701D26832C8EEA3300BB6E37 /* UserEntity.swift */; };
		701D26852C8EEA3300BB6E37 /* UserEntity.swift in Sources */ = {isa = PBXBuildFile; fileRef = 701D26832C8EEA3300BB6E37 /* UserEntity.swift */; };
		701D26922C8EEA6D00BB6E37 /* GithubUserDetailScreenViewModel.swift in Sources */ = {isa = PBXBuildFile; fileRef = 701D268B2C8EEA6D00BB6E37 /* GithubUserDetailScreenViewModel.swift */; };
		701D26942C8EEA6D00BB6E37 /* GithubUserDetailScreenModel.swift in Sources */ = {isa = PBXBuildFile; fileRef = 701D268D2C8EEA6D00BB6E37 /* GithubUserDetailScreenModel.swift */; };
		701D26962C8EEA6D00BB6E37 /* GithubUserDetailScreenView.swift in Sources */ = {isa = PBXBuildFile; fileRef = 701D268F2C8EEA6D00BB6E37 /* GithubUserDetailScreenView.swift */; };
		701D26982C8EEA6D00BB6E37 /* GithubUserDetailScreenBuilder.swift in Sources */ = {isa = PBXBuildFile; fileRef = 701D26912C8EEA6D00BB6E37 /* GithubUserDetailScreenBuilder.swift */; };
		701D269B2C8EEAC300BB6E37 /* GithubUser.swift in Sources */ = {isa = PBXBuildFile; fileRef = 701D269A2C8EEAC300BB6E37 /* GithubUser.swift */; };
		701D269C2C8EEAC300BB6E37 /* GithubUser.swift in Sources */ = {isa = PBXBuildFile; fileRef = 701D269A2C8EEAC300BB6E37 /* GithubUser.swift */; };
		70B33E142C8F3D7F00CFA390 /* MockGithubUserDetailScreenModel.swift in Sources */ = {isa = PBXBuildFile; fileRef = 70B33E132C8F3D7F00CFA390 /* MockGithubUserDetailScreenModel.swift */; };
		70B33E152C8F3D8900CFA390 /* MockGithubUserDetailScreenModel.swift in Sources */ = {isa = PBXBuildFile; fileRef = 70B33E132C8F3D7F00CFA390 /* MockGithubUserDetailScreenModel.swift */; };
		70F3A3E02C9066B60028EB1F /* MockGithubUserListScreenModel.swift in Sources */ = {isa = PBXBuildFile; fileRef = 70F3A3DF2C9066B60028EB1F /* MockGithubUserListScreenModel.swift */; };
		70F3A3E12C9068010028EB1F /* MockGithubUserListScreenModel.swift in Sources */ = {isa = PBXBuildFile; fileRef = 70F3A3DF2C9066B60028EB1F /* MockGithubUserListScreenModel.swift */; };
		70F3A3E52C90686B0028EB1F /* MockUserEntity.swift in Sources */ = {isa = PBXBuildFile; fileRef = 70F3A3E42C90686B0028EB1F /* MockUserEntity.swift */; };
		70F3A3E62C9069270028EB1F /* MockUserEntity.swift in Sources */ = {isa = PBXBuildFile; fileRef = 70F3A3E42C90686B0028EB1F /* MockUserEntity.swift */; };
		70F3A3E82C906A060028EB1F /* MockGithubAPI.swift in Sources */ = {isa = PBXBuildFile; fileRef = 70F3A3E72C906A060028EB1F /* MockGithubAPI.swift */; };
		70F3A3EA2C906AB40028EB1F /* MockGithubUser.swift in Sources */ = {isa = PBXBuildFile; fileRef = 70F3A3E92C906AB40028EB1F /* MockGithubUser.swift */; };
		70F3A3EC2C906B970028EB1F /* World.swift in Sources */ = {isa = PBXBuildFile; fileRef = 70F3A3EB2C906B970028EB1F /* World.swift */; };
		70F3A3EF2C906FAA0028EB1F /* GithubUserDetailScreenModelTest.swift in Sources */ = {isa = PBXBuildFile; fileRef = 70F3A3EE2C906FAA0028EB1F /* GithubUserDetailScreenModelTest.swift */; };
		70F3A3F12C906FDD0028EB1F /* GithubUserDetailScreenViewModelTest.swift in Sources */ = {isa = PBXBuildFile; fileRef = 70F3A3F02C906FDD0028EB1F /* GithubUserDetailScreenViewModelTest.swift */; };
		70F3A3F22C9071140028EB1F /* GithubUserDetailScreenViewModel.swift in Sources */ = {isa = PBXBuildFile; fileRef = 701D268B2C8EEA6D00BB6E37 /* GithubUserDetailScreenViewModel.swift */; };
		70F3A3F32C9071140028EB1F /* GithubUserDetailScreenModel.swift in Sources */ = {isa = PBXBuildFile; fileRef = 701D268D2C8EEA6D00BB6E37 /* GithubUserDetailScreenModel.swift */; };
		70F3A3F42C9075900028EB1F /* World.swift in Sources */ = {isa = PBXBuildFile; fileRef = 70F3A3EB2C906B970028EB1F /* World.swift */; };
		70F3A3F52C90761B0028EB1F /* GithubUserListScreenView.swift in Sources */ = {isa = PBXBuildFile; fileRef = 701D266A2C8EA55800BB6E37 /* GithubUserListScreenView.swift */; };
		70F3A3F62C90761B0028EB1F /* GithubUserDetailScreenView.swift in Sources */ = {isa = PBXBuildFile; fileRef = 701D268F2C8EEA6D00BB6E37 /* GithubUserDetailScreenView.swift */; };
		70F3A3F72C90761B0028EB1F /* PAD_GithubApp.swift in Sources */ = {isa = PBXBuildFile; fileRef = 701D26302C8EA38B00BB6E37 /* PAD_GithubApp.swift */; };
		70F3A3F82C9076210028EB1F /* SwiftUI+LoadingView.swift in Sources */ = {isa = PBXBuildFile; fileRef = 701D265F2C8EA45200BB6E37 /* SwiftUI+LoadingView.swift */; };
		70F3A3F92C90762E0028EB1F /* GithubUserListScreenBuilder.swift in Sources */ = {isa = PBXBuildFile; fileRef = 701D266C2C8EA55800BB6E37 /* GithubUserListScreenBuilder.swift */; };
		70F3A3FA2C90762E0028EB1F /* GithubUserDetailScreenBuilder.swift in Sources */ = {isa = PBXBuildFile; fileRef = 701D26912C8EEA6D00BB6E37 /* GithubUserDetailScreenBuilder.swift */; };
		70F3A3FB2C90763C0028EB1F /* Assets.xcassets in Resources */ = {isa = PBXBuildFile; fileRef = 701D26342C8EA38C00BB6E37 /* Assets.xcassets */; };
/* End PBXBuildFile section */

/* Begin PBXContainerItemProxy section */
		701D263E2C8EA38C00BB6E37 /* PBXContainerItemProxy */ = {
			isa = PBXContainerItemProxy;
			containerPortal = 701D26252C8EA38B00BB6E37 /* Project object */;
			proxyType = 1;
			remoteGlobalIDString = 701D262C2C8EA38B00BB6E37;
			remoteInfo = "PAD-Github";
		};
		701D26482C8EA38C00BB6E37 /* PBXContainerItemProxy */ = {
			isa = PBXContainerItemProxy;
			containerPortal = 701D26252C8EA38B00BB6E37 /* Project object */;
			proxyType = 1;
			remoteGlobalIDString = 701D262C2C8EA38B00BB6E37;
			remoteInfo = "PAD-Github";
		};
/* End PBXContainerItemProxy section */

/* Begin PBXFileReference section */
		701D262D2C8EA38B00BB6E37 /* PAD-Github.app */ = {isa = PBXFileReference; explicitFileType = wrapper.application; includeInIndex = 0; path = "PAD-Github.app"; sourceTree = BUILT_PRODUCTS_DIR; };
		701D26302C8EA38B00BB6E37 /* PAD_GithubApp.swift */ = {isa = PBXFileReference; lastKnownFileType = sourcecode.swift; path = PAD_GithubApp.swift; sourceTree = "<group>"; };
		701D26342C8EA38C00BB6E37 /* Assets.xcassets */ = {isa = PBXFileReference; lastKnownFileType = folder.assetcatalog; path = Assets.xcassets; sourceTree = "<group>"; };
		701D26372C8EA38C00BB6E37 /* Preview Assets.xcassets */ = {isa = PBXFileReference; lastKnownFileType = folder.assetcatalog; path = "Preview Assets.xcassets"; sourceTree = "<group>"; };
		701D263D2C8EA38C00BB6E37 /* PAD-GithubTests.xctest */ = {isa = PBXFileReference; explicitFileType = wrapper.cfbundle; includeInIndex = 0; path = "PAD-GithubTests.xctest"; sourceTree = BUILT_PRODUCTS_DIR; };
		701D26472C8EA38C00BB6E37 /* PAD-GithubUITests.xctest */ = {isa = PBXFileReference; explicitFileType = wrapper.cfbundle; includeInIndex = 0; path = "PAD-GithubUITests.xctest"; sourceTree = BUILT_PRODUCTS_DIR; };
		701D264B2C8EA38C00BB6E37 /* PAD_GithubUITests.swift */ = {isa = PBXFileReference; lastKnownFileType = sourcecode.swift; path = PAD_GithubUITests.swift; sourceTree = "<group>"; };
		701D264D2C8EA38C00BB6E37 /* PAD_GithubUITestsLaunchTests.swift */ = {isa = PBXFileReference; lastKnownFileType = sourcecode.swift; path = PAD_GithubUITestsLaunchTests.swift; sourceTree = "<group>"; };
		701D265F2C8EA45200BB6E37 /* SwiftUI+LoadingView.swift */ = {isa = PBXFileReference; lastKnownFileType = sourcecode.swift; path = "SwiftUI+LoadingView.swift"; sourceTree = "<group>"; };
		701D26662C8EA55800BB6E37 /* GithubUserListScreenViewModel.swift */ = {isa = PBXFileReference; fileEncoding = 4; lastKnownFileType = sourcecode.swift; path = GithubUserListScreenViewModel.swift; sourceTree = "<group>"; };
		701D26682C8EA55800BB6E37 /* GithubUserListScreenModel.swift */ = {isa = PBXFileReference; fileEncoding = 4; lastKnownFileType = sourcecode.swift; path = GithubUserListScreenModel.swift; sourceTree = "<group>"; };
		701D266A2C8EA55800BB6E37 /* GithubUserListScreenView.swift */ = {isa = PBXFileReference; fileEncoding = 4; lastKnownFileType = sourcecode.swift; path = GithubUserListScreenView.swift; sourceTree = "<group>"; };
		701D266C2C8EA55800BB6E37 /* GithubUserListScreenBuilder.swift */ = {isa = PBXFileReference; fileEncoding = 4; lastKnownFileType = sourcecode.swift; path = GithubUserListScreenBuilder.swift; sourceTree = "<group>"; };
		701D26752C8EA59C00BB6E37 /* MVVMBaseProtocol.swift */ = {isa = PBXFileReference; lastKnownFileType = sourcecode.swift; path = MVVMBaseProtocol.swift; sourceTree = "<group>"; };
		701D26792C8EA9D200BB6E37 /* GithubAPI.swift */ = {isa = PBXFileReference; lastKnownFileType = sourcecode.swift; path = GithubAPI.swift; sourceTree = "<group>"; };
		701D267C2C8EABE900BB6E37 /* URLRequest+ext.swift */ = {isa = PBXFileReference; lastKnownFileType = sourcecode.swift; path = "URLRequest+ext.swift"; sourceTree = "<group>"; };
		701D26832C8EEA3300BB6E37 /* UserEntity.swift */ = {isa = PBXFileReference; lastKnownFileType = sourcecode.swift; path = UserEntity.swift; sourceTree = "<group>"; };
		701D268B2C8EEA6D00BB6E37 /* GithubUserDetailScreenViewModel.swift */ = {isa = PBXFileReference; fileEncoding = 4; lastKnownFileType = sourcecode.swift; path = GithubUserDetailScreenViewModel.swift; sourceTree = "<group>"; };
		701D268D2C8EEA6D00BB6E37 /* GithubUserDetailScreenModel.swift */ = {isa = PBXFileReference; fileEncoding = 4; lastKnownFileType = sourcecode.swift; path = GithubUserDetailScreenModel.swift; sourceTree = "<group>"; };
		701D268F2C8EEA6D00BB6E37 /* GithubUserDetailScreenView.swift */ = {isa = PBXFileReference; fileEncoding = 4; lastKnownFileType = sourcecode.swift; path = GithubUserDetailScreenView.swift; sourceTree = "<group>"; };
		701D26912C8EEA6D00BB6E37 /* GithubUserDetailScreenBuilder.swift */ = {isa = PBXFileReference; fileEncoding = 4; lastKnownFileType = sourcecode.swift; path = GithubUserDetailScreenBuilder.swift; sourceTree = "<group>"; };
		701D269A2C8EEAC300BB6E37 /* GithubUser.swift */ = {isa = PBXFileReference; lastKnownFileType = sourcecode.swift; path = GithubUser.swift; sourceTree = "<group>"; };
		70B33E132C8F3D7F00CFA390 /* MockGithubUserDetailScreenModel.swift */ = {isa = PBXFileReference; lastKnownFileType = sourcecode.swift; path = MockGithubUserDetailScreenModel.swift; sourceTree = "<group>"; };
		70F3A3DF2C9066B60028EB1F /* MockGithubUserListScreenModel.swift */ = {isa = PBXFileReference; lastKnownFileType = sourcecode.swift; path = MockGithubUserListScreenModel.swift; sourceTree = "<group>"; };
		70F3A3E42C90686B0028EB1F /* MockUserEntity.swift */ = {isa = PBXFileReference; lastKnownFileType = sourcecode.swift; path = MockUserEntity.swift; sourceTree = "<group>"; };
		70F3A3E72C906A060028EB1F /* MockGithubAPI.swift */ = {isa = PBXFileReference; lastKnownFileType = sourcecode.swift; path = MockGithubAPI.swift; sourceTree = "<group>"; };
		70F3A3E92C906AB40028EB1F /* MockGithubUser.swift */ = {isa = PBXFileReference; lastKnownFileType = sourcecode.swift; path = MockGithubUser.swift; sourceTree = "<group>"; };
		70F3A3EB2C906B970028EB1F /* World.swift */ = {isa = PBXFileReference; lastKnownFileType = sourcecode.swift; path = World.swift; sourceTree = "<group>"; };
		70F3A3EE2C906FAA0028EB1F /* GithubUserDetailScreenModelTest.swift */ = {isa = PBXFileReference; lastKnownFileType = sourcecode.swift; path = GithubUserDetailScreenModelTest.swift; sourceTree = "<group>"; };
		70F3A3F02C906FDD0028EB1F /* GithubUserDetailScreenViewModelTest.swift */ = {isa = PBXFileReference; lastKnownFileType = sourcecode.swift; path = GithubUserDetailScreenViewModelTest.swift; sourceTree = "<group>"; };
/* End PBXFileReference section */

/* Begin PBXFrameworksBuildPhase section */
		701D262A2C8EA38B00BB6E37 /* Frameworks */ = {
			isa = PBXFrameworksBuildPhase;
			buildActionMask = 2147483647;
			files = (
			);
			runOnlyForDeploymentPostprocessing = 0;
		};
		701D263A2C8EA38C00BB6E37 /* Frameworks */ = {
			isa = PBXFrameworksBuildPhase;
			buildActionMask = 2147483647;
			files = (
			);
			runOnlyForDeploymentPostprocessing = 0;
		};
		701D26442C8EA38C00BB6E37 /* Frameworks */ = {
			isa = PBXFrameworksBuildPhase;
			buildActionMask = 2147483647;
			files = (
			);
			runOnlyForDeploymentPostprocessing = 0;
		};
/* End PBXFrameworksBuildPhase section */

/* Begin PBXGroup section */
		701D26242C8EA38B00BB6E37 = {
			isa = PBXGroup;
			children = (
				701D262F2C8EA38B00BB6E37 /* PAD-Github */,
				701D26402C8EA38C00BB6E37 /* PAD-GithubTests */,
				701D264A2C8EA38C00BB6E37 /* PAD-GithubUITests */,
				701D262E2C8EA38B00BB6E37 /* Products */,
			);
			sourceTree = "<group>";
		};
		701D262E2C8EA38B00BB6E37 /* Products */ = {
			isa = PBXGroup;
			children = (
				701D262D2C8EA38B00BB6E37 /* PAD-Github.app */,
				701D263D2C8EA38C00BB6E37 /* PAD-GithubTests.xctest */,
				701D26472C8EA38C00BB6E37 /* PAD-GithubUITests.xctest */,
			);
			name = Products;
			sourceTree = "<group>";
		};
		701D262F2C8EA38B00BB6E37 /* PAD-Github */ = {
			isa = PBXGroup;
			children = (
				701D265A2C8EA3A000BB6E37 /* Screens */,
				701D265C2C8EA3BB00BB6E37 /* Components */,
				701D265D2C8EA3C700BB6E37 /* Resources */,
				701D265B2C8EA3B100BB6E37 /* Libraries */,
				701D26362C8EA38C00BB6E37 /* Preview Content */,
				70B33E0E2C8F3D1500CFA390 /* Mocks */,
			);
			path = "PAD-Github";
			sourceTree = "<group>";
		};
		701D26362C8EA38C00BB6E37 /* Preview Content */ = {
			isa = PBXGroup;
			children = (
				701D26372C8EA38C00BB6E37 /* Preview Assets.xcassets */,
			);
			path = "Preview Content";
			sourceTree = "<group>";
		};
		701D26402C8EA38C00BB6E37 /* PAD-GithubTests */ = {
			isa = PBXGroup;
			children = (
				70F3A3ED2C906F560028EB1F /* Screens */,
			);
			path = "PAD-GithubTests";
			sourceTree = "<group>";
		};
		701D264A2C8EA38C00BB6E37 /* PAD-GithubUITests */ = {
			isa = PBXGroup;
			children = (
				701D264B2C8EA38C00BB6E37 /* PAD_GithubUITests.swift */,
				701D264D2C8EA38C00BB6E37 /* PAD_GithubUITestsLaunchTests.swift */,
			);
			path = "PAD-GithubUITests";
			sourceTree = "<group>";
		};
		701D265A2C8EA3A000BB6E37 /* Screens */ = {
			isa = PBXGroup;
			children = (
				701D26892C8EEA6D00BB6E37 /* GithubUserDetailScreen */,
				701D26642C8EA55800BB6E37 /* GithubUserListScreen */,
				701D26302C8EA38B00BB6E37 /* PAD_GithubApp.swift */,
				701D26752C8EA59C00BB6E37 /* MVVMBaseProtocol.swift */,
			);
			path = Screens;
			sourceTree = "<group>";
		};
		701D265B2C8EA3B100BB6E37 /* Libraries */ = {
			isa = PBXGroup;
			children = (
			);
			path = Libraries;
			sourceTree = "<group>";
		};
		701D265C2C8EA3BB00BB6E37 /* Components */ = {
			isa = PBXGroup;
			children = (
				701D26822C8EEA2000BB6E37 /* DataEntity */,
				701D26782C8EA99300BB6E37 /* NetworkAPI */,
				701D265E2C8EA43400BB6E37 /* UIComponents */,
				70F3A3EB2C906B970028EB1F /* World.swift */,
			);
			path = Components;
			sourceTree = "<group>";
		};
		701D265D2C8EA3C700BB6E37 /* Resources */ = {
			isa = PBXGroup;
			children = (
				701D26342C8EA38C00BB6E37 /* Assets.xcassets */,
			);
			path = Resources;
			sourceTree = "<group>";
		};
		701D265E2C8EA43400BB6E37 /* UIComponents */ = {
			isa = PBXGroup;
			children = (
				701D265F2C8EA45200BB6E37 /* SwiftUI+LoadingView.swift */,
			);
			path = UIComponents;
			sourceTree = "<group>";
		};
		701D26642C8EA55800BB6E37 /* GithubUserListScreen */ = {
			isa = PBXGroup;
			children = (
				701D26652C8EA55800BB6E37 /* ViewModel */,
				701D26672C8EA55800BB6E37 /* Model */,
				701D26692C8EA55800BB6E37 /* View */,
				701D266B2C8EA55800BB6E37 /* Builder */,
			);
			path = GithubUserListScreen;
			sourceTree = "<group>";
		};
		701D26652C8EA55800BB6E37 /* ViewModel */ = {
			isa = PBXGroup;
			children = (
				701D26662C8EA55800BB6E37 /* GithubUserListScreenViewModel.swift */,
			);
			path = ViewModel;
			sourceTree = "<group>";
		};
		701D26672C8EA55800BB6E37 /* Model */ = {
			isa = PBXGroup;
			children = (
				701D26682C8EA55800BB6E37 /* GithubUserListScreenModel.swift */,
			);
			path = Model;
			sourceTree = "<group>";
		};
		701D26692C8EA55800BB6E37 /* View */ = {
			isa = PBXGroup;
			children = (
				701D266A2C8EA55800BB6E37 /* GithubUserListScreenView.swift */,
			);
			path = View;
			sourceTree = "<group>";
		};
		701D266B2C8EA55800BB6E37 /* Builder */ = {
			isa = PBXGroup;
			children = (
				701D266C2C8EA55800BB6E37 /* GithubUserListScreenBuilder.swift */,
			);
			path = Builder;
			sourceTree = "<group>";
		};
		701D26782C8EA99300BB6E37 /* NetworkAPI */ = {
			isa = PBXGroup;
			children = (
				701D26792C8EA9D200BB6E37 /* GithubAPI.swift */,
				701D267C2C8EABE900BB6E37 /* URLRequest+ext.swift */,
				701D269A2C8EEAC300BB6E37 /* GithubUser.swift */,
			);
			path = NetworkAPI;
			sourceTree = "<group>";
		};
		701D26822C8EEA2000BB6E37 /* DataEntity */ = {
			isa = PBXGroup;
			children = (
				701D26832C8EEA3300BB6E37 /* UserEntity.swift */,
			);
			path = DataEntity;
			sourceTree = "<group>";
		};
		701D26892C8EEA6D00BB6E37 /* GithubUserDetailScreen */ = {
			isa = PBXGroup;
			children = (
				701D268A2C8EEA6D00BB6E37 /* ViewModel */,
				701D268C2C8EEA6D00BB6E37 /* Model */,
				701D268E2C8EEA6D00BB6E37 /* View */,
				701D26902C8EEA6D00BB6E37 /* Builder */,
			);
			path = GithubUserDetailScreen;
			sourceTree = "<group>";
		};
		701D268A2C8EEA6D00BB6E37 /* ViewModel */ = {
			isa = PBXGroup;
			children = (
				701D268B2C8EEA6D00BB6E37 /* GithubUserDetailScreenViewModel.swift */,
			);
			path = ViewModel;
			sourceTree = "<group>";
		};
		701D268C2C8EEA6D00BB6E37 /* Model */ = {
			isa = PBXGroup;
			children = (
				701D268D2C8EEA6D00BB6E37 /* GithubUserDetailScreenModel.swift */,
			);
			path = Model;
			sourceTree = "<group>";
		};
		701D268E2C8EEA6D00BB6E37 /* View */ = {
			isa = PBXGroup;
			children = (
				701D268F2C8EEA6D00BB6E37 /* GithubUserDetailScreenView.swift */,
			);
			path = View;
			sourceTree = "<group>";
		};
		701D26902C8EEA6D00BB6E37 /* Builder */ = {
			isa = PBXGroup;
			children = (
				701D26912C8EEA6D00BB6E37 /* GithubUserDetailScreenBuilder.swift */,
			);
			path = Builder;
			sourceTree = "<group>";
		};
		70B33E0E2C8F3D1500CFA390 /* Mocks */ = {
			isa = PBXGroup;
			children = (
				70B33E102C8F3D3B00CFA390 /* Screens */,
				70B33E0F2C8F3D2E00CFA390 /* Components */,
			);
			path = Mocks;
			sourceTree = "<group>";
		};
		70B33E0F2C8F3D2E00CFA390 /* Components */ = {
			isa = PBXGroup;
			children = (
				70F3A3E32C9068420028EB1F /* Data */,
				70F3A3E22C9068360028EB1F /* NetworkAPI */,
			);
			path = Components;
			sourceTree = "<group>";
		};
		70B33E102C8F3D3B00CFA390 /* Screens */ = {
			isa = PBXGroup;
			children = (
				70B33E122C8F3D6D00CFA390 /* GithubUserDetailScreen */,
				70B33E112C8F3D5A00CFA390 /* GithubUserListScreen */,
			);
			path = Screens;
			sourceTree = "<group>";
		};
		70B33E112C8F3D5A00CFA390 /* GithubUserListScreen */ = {
			isa = PBXGroup;
			children = (
				70F3A3DF2C9066B60028EB1F /* MockGithubUserListScreenModel.swift */,
			);
			path = GithubUserListScreen;
			sourceTree = "<group>";
		};
		70B33E122C8F3D6D00CFA390 /* GithubUserDetailScreen */ = {
			isa = PBXGroup;
			children = (
				70B33E132C8F3D7F00CFA390 /* MockGithubUserDetailScreenModel.swift */,
			);
			path = GithubUserDetailScreen;
			sourceTree = "<group>";
		};
		70F3A3E22C9068360028EB1F /* NetworkAPI */ = {
			isa = PBXGroup;
			children = (
				70F3A3E72C906A060028EB1F /* MockGithubAPI.swift */,
			);
			path = NetworkAPI;
			sourceTree = "<group>";
		};
		70F3A3E32C9068420028EB1F /* Data */ = {
			isa = PBXGroup;
			children = (
				70F3A3E42C90686B0028EB1F /* MockUserEntity.swift */,
				70F3A3E92C906AB40028EB1F /* MockGithubUser.swift */,
			);
			path = Data;
			sourceTree = "<group>";
		};
		70F3A3ED2C906F560028EB1F /* Screens */ = {
			isa = PBXGroup;
			children = (
				70F3A3EE2C906FAA0028EB1F /* GithubUserDetailScreenModelTest.swift */,
				70F3A3F02C906FDD0028EB1F /* GithubUserDetailScreenViewModelTest.swift */,
			);
			path = Screens;
			sourceTree = "<group>";
		};
/* End PBXGroup section */

/* Begin PBXNativeTarget section */
		701D262C2C8EA38B00BB6E37 /* PAD-Github */ = {
			isa = PBXNativeTarget;
			buildConfigurationList = 701D26512C8EA38C00BB6E37 /* Build configuration list for PBXNativeTarget "PAD-Github" */;
			buildPhases = (
				701D26292C8EA38B00BB6E37 /* Sources */,
				701D262A2C8EA38B00BB6E37 /* Frameworks */,
				701D262B2C8EA38B00BB6E37 /* Resources */,
			);
			buildRules = (
			);
			dependencies = (
			);
			name = "PAD-Github";
			productName = "PAD-Github";
			productReference = 701D262D2C8EA38B00BB6E37 /* PAD-Github.app */;
			productType = "com.apple.product-type.application";
		};
		701D263C2C8EA38C00BB6E37 /* PAD-GithubTests */ = {
			isa = PBXNativeTarget;
			buildConfigurationList = 701D26542C8EA38C00BB6E37 /* Build configuration list for PBXNativeTarget "PAD-GithubTests" */;
			buildPhases = (
				701D26392C8EA38C00BB6E37 /* Sources */,
				701D263A2C8EA38C00BB6E37 /* Frameworks */,
				701D263B2C8EA38C00BB6E37 /* Resources */,
			);
			buildRules = (
			);
			dependencies = (
				701D263F2C8EA38C00BB6E37 /* PBXTargetDependency */,
			);
			name = "PAD-GithubTests";
			productName = "PAD-GithubTests";
			productReference = 701D263D2C8EA38C00BB6E37 /* PAD-GithubTests.xctest */;
			productType = "com.apple.product-type.bundle.unit-test";
		};
		701D26462C8EA38C00BB6E37 /* PAD-GithubUITests */ = {
			isa = PBXNativeTarget;
			buildConfigurationList = 701D26572C8EA38C00BB6E37 /* Build configuration list for PBXNativeTarget "PAD-GithubUITests" */;
			buildPhases = (
				701D26432C8EA38C00BB6E37 /* Sources */,
				701D26442C8EA38C00BB6E37 /* Frameworks */,
				701D26452C8EA38C00BB6E37 /* Resources */,
			);
			buildRules = (
			);
			dependencies = (
				701D26492C8EA38C00BB6E37 /* PBXTargetDependency */,
			);
			name = "PAD-GithubUITests";
			productName = "PAD-GithubUITests";
			productReference = 701D26472C8EA38C00BB6E37 /* PAD-GithubUITests.xctest */;
			productType = "com.apple.product-type.bundle.ui-testing";
		};
/* End PBXNativeTarget section */

/* Begin PBXProject section */
		701D26252C8EA38B00BB6E37 /* Project object */ = {
			isa = PBXProject;
			attributes = {
				BuildIndependentTargetsInParallel = 1;
				LastSwiftUpdateCheck = 1520;
				LastUpgradeCheck = 1520;
				TargetAttributes = {
					701D262C2C8EA38B00BB6E37 = {
						CreatedOnToolsVersion = 15.2;
					};
					701D263C2C8EA38C00BB6E37 = {
						CreatedOnToolsVersion = 15.2;
						TestTargetID = 701D262C2C8EA38B00BB6E37;
					};
					701D26462C8EA38C00BB6E37 = {
						CreatedOnToolsVersion = 15.2;
						TestTargetID = 701D262C2C8EA38B00BB6E37;
					};
				};
			};
			buildConfigurationList = 701D26282C8EA38B00BB6E37 /* Build configuration list for PBXProject "PAD-Github" */;
			compatibilityVersion = "Xcode 14.0";
			developmentRegion = en;
			hasScannedForEncodings = 0;
			knownRegions = (
				en,
				Base,
			);
			mainGroup = 701D26242C8EA38B00BB6E37;
			productRefGroup = 701D262E2C8EA38B00BB6E37 /* Products */;
			projectDirPath = "";
			projectRoot = "";
			targets = (
				701D262C2C8EA38B00BB6E37 /* PAD-Github */,
				701D263C2C8EA38C00BB6E37 /* PAD-GithubTests */,
				701D26462C8EA38C00BB6E37 /* PAD-GithubUITests */,
			);
		};
/* End PBXProject section */

/* Begin PBXResourcesBuildPhase section */
		701D262B2C8EA38B00BB6E37 /* Resources */ = {
			isa = PBXResourcesBuildPhase;
			buildActionMask = 2147483647;
			files = (
				701D26382C8EA38C00BB6E37 /* Preview Assets.xcassets in Resources */,
				701D26352C8EA38C00BB6E37 /* Assets.xcassets in Resources */,
			);
			runOnlyForDeploymentPostprocessing = 0;
		};
		701D263B2C8EA38C00BB6E37 /* Resources */ = {
			isa = PBXResourcesBuildPhase;
			buildActionMask = 2147483647;
			files = (
				70F3A3FB2C90763C0028EB1F /* Assets.xcassets in Resources */,
			);
			runOnlyForDeploymentPostprocessing = 0;
		};
		701D26452C8EA38C00BB6E37 /* Resources */ = {
			isa = PBXResourcesBuildPhase;
			buildActionMask = 2147483647;
			files = (
			);
			runOnlyForDeploymentPostprocessing = 0;
		};
/* End PBXResourcesBuildPhase section */

/* Begin PBXSourcesBuildPhase section */
		701D26292C8EA38B00BB6E37 /* Sources */ = {
			isa = PBXSourcesBuildPhase;
			buildActionMask = 2147483647;
			files = (
				701D26712C8EA55800BB6E37 /* GithubUserListScreenView.swift in Sources */,
				701D26962C8EEA6D00BB6E37 /* GithubUserDetailScreenView.swift in Sources */,
				701D26602C8EA45200BB6E37 /* SwiftUI+LoadingView.swift in Sources */,
				701D26942C8EEA6D00BB6E37 /* GithubUserDetailScreenModel.swift in Sources */,
				701D26762C8EA59C00BB6E37 /* MVVMBaseProtocol.swift in Sources */,
				70B33E152C8F3D8900CFA390 /* MockGithubUserDetailScreenModel.swift in Sources */,
				701D26842C8EEA3300BB6E37 /* UserEntity.swift in Sources */,
				701D26922C8EEA6D00BB6E37 /* GithubUserDetailScreenViewModel.swift in Sources */,
				701D266F2C8EA55800BB6E37 /* GithubUserListScreenModel.swift in Sources */,
				701D266D2C8EA55800BB6E37 /* GithubUserListScreenViewModel.swift in Sources */,
				701D267A2C8EA9D200BB6E37 /* GithubAPI.swift in Sources */,
				70F3A3E62C9069270028EB1F /* MockUserEntity.swift in Sources */,
				701D269B2C8EEAC300BB6E37 /* GithubUser.swift in Sources */,
				701D26312C8EA38B00BB6E37 /* PAD_GithubApp.swift in Sources */,
				70F3A3E12C9068010028EB1F /* MockGithubUserListScreenModel.swift in Sources */,
				701D267D2C8EABE900BB6E37 /* URLRequest+ext.swift in Sources */,
				701D26982C8EEA6D00BB6E37 /* GithubUserDetailScreenBuilder.swift in Sources */,
				70F3A3EC2C906B970028EB1F /* World.swift in Sources */,
				701D26732C8EA55800BB6E37 /* GithubUserListScreenBuilder.swift in Sources */,
			);
			runOnlyForDeploymentPostprocessing = 0;
		};
		701D26392C8EA38C00BB6E37 /* Sources */ = {
			isa = PBXSourcesBuildPhase;
			buildActionMask = 2147483647;
			files = (
				70F3A3EF2C906FAA0028EB1F /* GithubUserDetailScreenModelTest.swift in Sources */,
				70F3A3F22C9071140028EB1F /* GithubUserDetailScreenViewModel.swift in Sources */,
				701D266E2C8EA55800BB6E37 /* GithubUserListScreenViewModel.swift in Sources */,
				70F3A3F82C9076210028EB1F /* SwiftUI+LoadingView.swift in Sources */,
				70F3A3F72C90761B0028EB1F /* PAD_GithubApp.swift in Sources */,
				701D26772C8EA59C00BB6E37 /* MVVMBaseProtocol.swift in Sources */,
				701D267B2C8EA9D200BB6E37 /* GithubAPI.swift in Sources */,
				70F3A3E02C9066B60028EB1F /* MockGithubUserListScreenModel.swift in Sources */,
				70F3A3E82C906A060028EB1F /* MockGithubAPI.swift in Sources */,
				70F3A3F12C906FDD0028EB1F /* GithubUserDetailScreenViewModelTest.swift in Sources */,
				701D26702C8EA55800BB6E37 /* GithubUserListScreenModel.swift in Sources */,
				70F3A3F52C90761B0028EB1F /* GithubUserListScreenView.swift in Sources */,
				70F3A3F32C9071140028EB1F /* GithubUserDetailScreenModel.swift in Sources */,
				701D267E2C8EABE900BB6E37 /* URLRequest+ext.swift in Sources */,
				701D269C2C8EEAC300BB6E37 /* GithubUser.swift in Sources */,
				70F3A3E52C90686B0028EB1F /* MockUserEntity.swift in Sources */,
				70F3A3F62C90761B0028EB1F /* GithubUserDetailScreenView.swift in Sources */,
				70B33E142C8F3D7F00CFA390 /* MockGithubUserDetailScreenModel.swift in Sources */,
				70F3A3FA2C90762E0028EB1F /* GithubUserDetailScreenBuilder.swift in Sources */,
				70F3A3F92C90762E0028EB1F /* GithubUserListScreenBuilder.swift in Sources */,
				70F3A3F42C9075900028EB1F /* World.swift in Sources */,
				70F3A3EA2C906AB40028EB1F /* MockGithubUser.swift in Sources */,
				701D26852C8EEA3300BB6E37 /* UserEntity.swift in Sources */,
			);
			runOnlyForDeploymentPostprocessing = 0;
		};
		701D26432C8EA38C00BB6E37 /* Sources */ = {
			isa = PBXSourcesBuildPhase;
			buildActionMask = 2147483647;
			files = (
				701D264C2C8EA38C00BB6E37 /* PAD_GithubUITests.swift in Sources */,
				701D264E2C8EA38C00BB6E37 /* PAD_GithubUITestsLaunchTests.swift in Sources */,
			);
			runOnlyForDeploymentPostprocessing = 0;
		};
/* End PBXSourcesBuildPhase section */

/* Begin PBXTargetDependency section */
		701D263F2C8EA38C00BB6E37 /* PBXTargetDependency */ = {
			isa = PBXTargetDependency;
			target = 701D262C2C8EA38B00BB6E37 /* PAD-Github */;
			targetProxy = 701D263E2C8EA38C00BB6E37 /* PBXContainerItemProxy */;
		};
		701D26492C8EA38C00BB6E37 /* PBXTargetDependency */ = {
			isa = PBXTargetDependency;
			target = 701D262C2C8EA38B00BB6E37 /* PAD-Github */;
			targetProxy = 701D26482C8EA38C00BB6E37 /* PBXContainerItemProxy */;
		};
/* End PBXTargetDependency section */

/* Begin XCBuildConfiguration section */
		701D264F2C8EA38C00BB6E37 /* Debug */ = {
			isa = XCBuildConfiguration;
			buildSettings = {
				ALWAYS_SEARCH_USER_PATHS = NO;
				ASSETCATALOG_COMPILER_GENERATE_SWIFT_ASSET_SYMBOL_EXTENSIONS = YES;
				CLANG_ANALYZER_NONNULL = YES;
				CLANG_ANALYZER_NUMBER_OBJECT_CONVERSION = YES_AGGRESSIVE;
				CLANG_CXX_LANGUAGE_STANDARD = "gnu++20";
				CLANG_ENABLE_MODULES = YES;
				CLANG_ENABLE_OBJC_ARC = YES;
				CLANG_ENABLE_OBJC_WEAK = YES;
				CLANG_WARN_BLOCK_CAPTURE_AUTORELEASING = YES;
				CLANG_WARN_BOOL_CONVERSION = YES;
				CLANG_WARN_COMMA = YES;
				CLANG_WARN_CONSTANT_CONVERSION = YES;
				CLANG_WARN_DEPRECATED_OBJC_IMPLEMENTATIONS = YES;
				CLANG_WARN_DIRECT_OBJC_ISA_USAGE = YES_ERROR;
				CLANG_WARN_DOCUMENTATION_COMMENTS = YES;
				CLANG_WARN_EMPTY_BODY = YES;
				CLANG_WARN_ENUM_CONVERSION = YES;
				CLANG_WARN_INFINITE_RECURSION = YES;
				CLANG_WARN_INT_CONVERSION = YES;
				CLANG_WARN_NON_LITERAL_NULL_CONVERSION = YES;
				CLANG_WARN_OBJC_IMPLICIT_RETAIN_SELF = YES;
				CLANG_WARN_OBJC_LITERAL_CONVERSION = YES;
				CLANG_WARN_OBJC_ROOT_CLASS = YES_ERROR;
				CLANG_WARN_QUOTED_INCLUDE_IN_FRAMEWORK_HEADER = YES;
				CLANG_WARN_RANGE_LOOP_ANALYSIS = YES;
				CLANG_WARN_STRICT_PROTOTYPES = YES;
				CLANG_WARN_SUSPICIOUS_MOVE = YES;
				CLANG_WARN_UNGUARDED_AVAILABILITY = YES_AGGRESSIVE;
				CLANG_WARN_UNREACHABLE_CODE = YES;
				CLANG_WARN__DUPLICATE_METHOD_MATCH = YES;
				COPY_PHASE_STRIP = NO;
				DEBUG_INFORMATION_FORMAT = dwarf;
				ENABLE_STRICT_OBJC_MSGSEND = YES;
				ENABLE_TESTABILITY = YES;
				ENABLE_USER_SCRIPT_SANDBOXING = YES;
				GCC_C_LANGUAGE_STANDARD = gnu17;
				GCC_DYNAMIC_NO_PIC = NO;
				GCC_NO_COMMON_BLOCKS = YES;
				GCC_OPTIMIZATION_LEVEL = 0;
				GCC_PREPROCESSOR_DEFINITIONS = (
					"DEBUG=1",
					"$(inherited)",
				);
				GCC_WARN_64_TO_32_BIT_CONVERSION = YES;
				GCC_WARN_ABOUT_RETURN_TYPE = YES_ERROR;
				GCC_WARN_UNDECLARED_SELECTOR = YES;
				GCC_WARN_UNINITIALIZED_AUTOS = YES_AGGRESSIVE;
				GCC_WARN_UNUSED_FUNCTION = YES;
				GCC_WARN_UNUSED_VARIABLE = YES;
				IPHONEOS_DEPLOYMENT_TARGET = 17.2;
				LOCALIZATION_PREFERS_STRING_CATALOGS = YES;
				MTL_ENABLE_DEBUG_INFO = INCLUDE_SOURCE;
				MTL_FAST_MATH = YES;
				ONLY_ACTIVE_ARCH = YES;
				SDKROOT = iphoneos;
				SWIFT_ACTIVE_COMPILATION_CONDITIONS = "DEBUG $(inherited)";
				SWIFT_OPTIMIZATION_LEVEL = "-Onone";
			};
			name = Debug;
		};
		701D26502C8EA38C00BB6E37 /* Release */ = {
			isa = XCBuildConfiguration;
			buildSettings = {
				ALWAYS_SEARCH_USER_PATHS = NO;
				ASSETCATALOG_COMPILER_GENERATE_SWIFT_ASSET_SYMBOL_EXTENSIONS = YES;
				CLANG_ANALYZER_NONNULL = YES;
				CLANG_ANALYZER_NUMBER_OBJECT_CONVERSION = YES_AGGRESSIVE;
				CLANG_CXX_LANGUAGE_STANDARD = "gnu++20";
				CLANG_ENABLE_MODULES = YES;
				CLANG_ENABLE_OBJC_ARC = YES;
				CLANG_ENABLE_OBJC_WEAK = YES;
				CLANG_WARN_BLOCK_CAPTURE_AUTORELEASING = YES;
				CLANG_WARN_BOOL_CONVERSION = YES;
				CLANG_WARN_COMMA = YES;
				CLANG_WARN_CONSTANT_CONVERSION = YES;
				CLANG_WARN_DEPRECATED_OBJC_IMPLEMENTATIONS = YES;
				CLANG_WARN_DIRECT_OBJC_ISA_USAGE = YES_ERROR;
				CLANG_WARN_DOCUMENTATION_COMMENTS = YES;
				CLANG_WARN_EMPTY_BODY = YES;
				CLANG_WARN_ENUM_CONVERSION = YES;
				CLANG_WARN_INFINITE_RECURSION = YES;
				CLANG_WARN_INT_CONVERSION = YES;
				CLANG_WARN_NON_LITERAL_NULL_CONVERSION = YES;
				CLANG_WARN_OBJC_IMPLICIT_RETAIN_SELF = YES;
				CLANG_WARN_OBJC_LITERAL_CONVERSION = YES;
				CLANG_WARN_OBJC_ROOT_CLASS = YES_ERROR;
				CLANG_WARN_QUOTED_INCLUDE_IN_FRAMEWORK_HEADER = YES;
				CLANG_WARN_RANGE_LOOP_ANALYSIS = YES;
				CLANG_WARN_STRICT_PROTOTYPES = YES;
				CLANG_WARN_SUSPICIOUS_MOVE = YES;
				CLANG_WARN_UNGUARDED_AVAILABILITY = YES_AGGRESSIVE;
				CLANG_WARN_UNREACHABLE_CODE = YES;
				CLANG_WARN__DUPLICATE_METHOD_MATCH = YES;
				COPY_PHASE_STRIP = NO;
				DEBUG_INFORMATION_FORMAT = "dwarf-with-dsym";
				ENABLE_NS_ASSERTIONS = NO;
				ENABLE_STRICT_OBJC_MSGSEND = YES;
				ENABLE_USER_SCRIPT_SANDBOXING = YES;
				GCC_C_LANGUAGE_STANDARD = gnu17;
				GCC_NO_COMMON_BLOCKS = YES;
				GCC_WARN_64_TO_32_BIT_CONVERSION = YES;
				GCC_WARN_ABOUT_RETURN_TYPE = YES_ERROR;
				GCC_WARN_UNDECLARED_SELECTOR = YES;
				GCC_WARN_UNINITIALIZED_AUTOS = YES_AGGRESSIVE;
				GCC_WARN_UNUSED_FUNCTION = YES;
				GCC_WARN_UNUSED_VARIABLE = YES;
				IPHONEOS_DEPLOYMENT_TARGET = 17.2;
				LOCALIZATION_PREFERS_STRING_CATALOGS = YES;
				MTL_ENABLE_DEBUG_INFO = NO;
				MTL_FAST_MATH = YES;
				SDKROOT = iphoneos;
				SWIFT_COMPILATION_MODE = wholemodule;
				VALIDATE_PRODUCT = YES;
			};
			name = Release;
		};
		701D26522C8EA38C00BB6E37 /* Debug */ = {
			isa = XCBuildConfiguration;
			buildSettings = {
				ASSETCATALOG_COMPILER_APPICON_NAME = AppIcon;
				ASSETCATALOG_COMPILER_GLOBAL_ACCENT_COLOR_NAME = AccentColor;
				CODE_SIGN_STYLE = Automatic;
				CURRENT_PROJECT_VERSION = 1;
				DEVELOPMENT_ASSET_PATHS = "\"PAD-Github/Preview Content\"";
				DEVELOPMENT_TEAM = S9SCX6LC3X;
				ENABLE_PREVIEWS = YES;
				GENERATE_INFOPLIST_FILE = YES;
				INFOPLIST_KEY_UIApplicationSceneManifest_Generation = YES;
				INFOPLIST_KEY_UIApplicationSupportsIndirectInputEvents = YES;
				INFOPLIST_KEY_UILaunchScreen_Generation = YES;
				INFOPLIST_KEY_UISupportedInterfaceOrientations_iPad = "UIInterfaceOrientationPortrait UIInterfaceOrientationPortraitUpsideDown UIInterfaceOrientationLandscapeLeft UIInterfaceOrientationLandscapeRight";
				INFOPLIST_KEY_UISupportedInterfaceOrientations_iPhone = "UIInterfaceOrientationPortrait UIInterfaceOrientationLandscapeLeft UIInterfaceOrientationLandscapeRight";
				IPHONEOS_DEPLOYMENT_TARGET = 17.0;
				LD_RUNPATH_SEARCH_PATHS = (
					"$(inherited)",
					"@executable_path/Frameworks",
				);
				MARKETING_VERSION = 1.0;
				PRODUCT_BUNDLE_IDENTIFIER = "pad.PAD-Github";
				PRODUCT_NAME = "$(TARGET_NAME)";
				SWIFT_EMIT_LOC_STRINGS = YES;
				SWIFT_VERSION = 5.0;
				TARGETED_DEVICE_FAMILY = "1,2";
			};
			name = Debug;
		};
		701D26532C8EA38C00BB6E37 /* Release */ = {
			isa = XCBuildConfiguration;
			buildSettings = {
				ASSETCATALOG_COMPILER_APPICON_NAME = AppIcon;
				ASSETCATALOG_COMPILER_GLOBAL_ACCENT_COLOR_NAME = AccentColor;
				CODE_SIGN_STYLE = Automatic;
				CURRENT_PROJECT_VERSION = 1;
				DEVELOPMENT_ASSET_PATHS = "\"PAD-Github/Preview Content\"";
				DEVELOPMENT_TEAM = S9SCX6LC3X;
				ENABLE_PREVIEWS = YES;
				GENERATE_INFOPLIST_FILE = YES;
				INFOPLIST_KEY_UIApplicationSceneManifest_Generation = YES;
				INFOPLIST_KEY_UIApplicationSupportsIndirectInputEvents = YES;
				INFOPLIST_KEY_UILaunchScreen_Generation = YES;
				INFOPLIST_KEY_UISupportedInterfaceOrientations_iPad = "UIInterfaceOrientationPortrait UIInterfaceOrientationPortraitUpsideDown UIInterfaceOrientationLandscapeLeft UIInterfaceOrientationLandscapeRight";
				INFOPLIST_KEY_UISupportedInterfaceOrientations_iPhone = "UIInterfaceOrientationPortrait UIInterfaceOrientationLandscapeLeft UIInterfaceOrientationLandscapeRight";
				IPHONEOS_DEPLOYMENT_TARGET = 17.0;
				LD_RUNPATH_SEARCH_PATHS = (
					"$(inherited)",
					"@executable_path/Frameworks",
				);
				MARKETING_VERSION = 1.0;
				PRODUCT_BUNDLE_IDENTIFIER = "pad.PAD-Github";
				PRODUCT_NAME = "$(TARGET_NAME)";
				SWIFT_EMIT_LOC_STRINGS = YES;
				SWIFT_VERSION = 5.0;
				TARGETED_DEVICE_FAMILY = "1,2";
			};
			name = Release;
		};
		701D26552C8EA38C00BB6E37 /* Debug */ = {
			isa = XCBuildConfiguration;
			buildSettings = {
				ALWAYS_EMBED_SWIFT_STANDARD_LIBRARIES = YES;
				BUNDLE_LOADER = "$(TEST_HOST)";
				CODE_SIGN_STYLE = Automatic;
				CURRENT_PROJECT_VERSION = 1;
				DEVELOPMENT_TEAM = S9SCX6LC3X;
				GENERATE_INFOPLIST_FILE = YES;
				IPHONEOS_DEPLOYMENT_TARGET = 17.0;
				MARKETING_VERSION = 1.0;
				PRODUCT_BUNDLE_IDENTIFIER = "pad.PAD-GithubTests";
				PRODUCT_NAME = "$(TARGET_NAME)";
				SWIFT_EMIT_LOC_STRINGS = NO;
				SWIFT_VERSION = 5.0;
				TARGETED_DEVICE_FAMILY = "1,2";
				TEST_HOST = "$(BUILT_PRODUCTS_DIR)/PAD-Github.app/$(BUNDLE_EXECUTABLE_FOLDER_PATH)/PAD-Github";
			};
			name = Debug;
		};
		701D26562C8EA38C00BB6E37 /* Release */ = {
			isa = XCBuildConfiguration;
			buildSettings = {
				ALWAYS_EMBED_SWIFT_STANDARD_LIBRARIES = YES;
				BUNDLE_LOADER = "$(TEST_HOST)";
				CODE_SIGN_STYLE = Automatic;
				CURRENT_PROJECT_VERSION = 1;
				DEVELOPMENT_TEAM = S9SCX6LC3X;
				GENERATE_INFOPLIST_FILE = YES;
				IPHONEOS_DEPLOYMENT_TARGET = 17.0;
				MARKETING_VERSION = 1.0;
				PRODUCT_BUNDLE_IDENTIFIER = "pad.PAD-GithubTests";
				PRODUCT_NAME = "$(TARGET_NAME)";
				SWIFT_EMIT_LOC_STRINGS = NO;
				SWIFT_VERSION = 5.0;
				TARGETED_DEVICE_FAMILY = "1,2";
				TEST_HOST = "$(BUILT_PRODUCTS_DIR)/PAD-Github.app/$(BUNDLE_EXECUTABLE_FOLDER_PATH)/PAD-Github";
			};
			name = Release;
		};
		701D26582C8EA38C00BB6E37 /* Debug */ = {
			isa = XCBuildConfiguration;
			buildSettings = {
				ALWAYS_EMBED_SWIFT_STANDARD_LIBRARIES = YES;
				CODE_SIGN_STYLE = Automatic;
				CURRENT_PROJECT_VERSION = 1;
				DEVELOPMENT_TEAM = S9SCX6LC3X;
				GENERATE_INFOPLIST_FILE = YES;
				IPHONEOS_DEPLOYMENT_TARGET = 17.0;
				MARKETING_VERSION = 1.0;
				PRODUCT_BUNDLE_IDENTIFIER = "pad.PAD-GithubUITests";
				PRODUCT_NAME = "$(TARGET_NAME)";
				SWIFT_EMIT_LOC_STRINGS = NO;
				SWIFT_VERSION = 5.0;
				TARGETED_DEVICE_FAMILY = "1,2";
				TEST_TARGET_NAME = "PAD-Github";
			};
			name = Debug;
		};
		701D26592C8EA38C00BB6E37 /* Release */ = {
			isa = XCBuildConfiguration;
			buildSettings = {
				ALWAYS_EMBED_SWIFT_STANDARD_LIBRARIES = YES;
				CODE_SIGN_STYLE = Automatic;
				CURRENT_PROJECT_VERSION = 1;
				DEVELOPMENT_TEAM = S9SCX6LC3X;
				GENERATE_INFOPLIST_FILE = YES;
				IPHONEOS_DEPLOYMENT_TARGET = 17.0;
				MARKETING_VERSION = 1.0;
				PRODUCT_BUNDLE_IDENTIFIER = "pad.PAD-GithubUITests";
				PRODUCT_NAME = "$(TARGET_NAME)";
				SWIFT_EMIT_LOC_STRINGS = NO;
				SWIFT_VERSION = 5.0;
				TARGETED_DEVICE_FAMILY = "1,2";
				TEST_TARGET_NAME = "PAD-Github";
			};
			name = Release;
		};
/* End XCBuildConfiguration section */

/* Begin XCConfigurationList section */
		701D26282C8EA38B00BB6E37 /* Build configuration list for PBXProject "PAD-Github" */ = {
			isa = XCConfigurationList;
			buildConfigurations = (
				701D264F2C8EA38C00BB6E37 /* Debug */,
				701D26502C8EA38C00BB6E37 /* Release */,
			);
			defaultConfigurationIsVisible = 0;
			defaultConfigurationName = Release;
		};
		701D26512C8EA38C00BB6E37 /* Build configuration list for PBXNativeTarget "PAD-Github" */ = {
			isa = XCConfigurationList;
			buildConfigurations = (
				701D26522C8EA38C00BB6E37 /* Debug */,
				701D26532C8EA38C00BB6E37 /* Release */,
			);
			defaultConfigurationIsVisible = 0;
			defaultConfigurationName = Release;
		};
		701D26542C8EA38C00BB6E37 /* Build configuration list for PBXNativeTarget "PAD-GithubTests" */ = {
			isa = XCConfigurationList;
			buildConfigurations = (
				701D26552C8EA38C00BB6E37 /* Debug */,
				701D26562C8EA38C00BB6E37 /* Release */,
			);
			defaultConfigurationIsVisible = 0;
			defaultConfigurationName = Release;
		};
		701D26572C8EA38C00BB6E37 /* Build configuration list for PBXNativeTarget "PAD-GithubUITests" */ = {
			isa = XCConfigurationList;
			buildConfigurations = (
				701D26582C8EA38C00BB6E37 /* Debug */,
				701D26592C8EA38C00BB6E37 /* Release */,
			);
			defaultConfigurationIsVisible = 0;
			defaultConfigurationName = Release;
		};
/* End XCConfigurationList section */
	};
	rootObject = 701D26252C8EA38B00BB6E37 /* Project object */;
}
